// !$*UTF8*$!
{
	archiveVersion = 1;
	classes = {
	};
	objectVersion = 77;
	objects = {

/* Begin PBXBuildFile section */
		2B07D0F41C8210664DE170CD /* PatentMuseumView.swift in Sources */ = {isa = PBXBuildFile; fileRef = F8D62ECED5F2FD890A1EE260 /* PatentMuseumView.swift */; };
		2F5D52B312C7D98639C45424 /* PatentRootView.swift in Sources */ = {isa = PBXBuildFile; fileRef = 6205E15F45075AFE8EDAA1CA /* PatentRootView.swift */; };
		446A4955BE520AC068B4DFE5 /* PatentPDFReader.swift in Sources */ = {isa = PBXBuildFile; fileRef = 31E3789492674087EEAAE801 /* PatentPDFReader.swift */; };
		515172E318CD8B31F98EBDD7 /* PatentFigureAtlasView.swift in Sources */ = {isa = PBXBuildFile; fileRef = FA5DAC0D39800C8FB4C68C91 /* PatentFigureAtlasView.swift */; };
		521EC702AC351CFD30117147 /* patent-assets.json in Resources */ = {isa = PBXBuildFile; fileRef = ACD672FA52AE0B0AA6B685CC /* patent-assets.json */; };
		62CAF0BCF05D1C50D77EFCC9 /* patents.json in Resources */ = {isa = PBXBuildFile; fileRef = F5483F5E9EA79B64FDBB110F /* patents.json */; };
		8117AB03CF8835A20E831DF0 /* PrivacyInfo.xcprivacy in Resources */ = {isa = PBXBuildFile; fileRef = 652BFF6DEAD8C5CD76D13B0B /* PrivacyInfo.xcprivacy */; };
		A140C51F8E282581F3C45D47 /* Assets.xcassets in Resources */ = {isa = PBXBuildFile; fileRef = 470E78F059E8FF16D5AF3206 /* Assets.xcassets */; };
		A89EDBDCAFD41CFAE21F1997 /* PatentModels.swift in Sources */ = {isa = PBXBuildFile; fileRef = C561AFAB0032EB2B23CEA356 /* PatentModels.swift */; };
		ABF5A49283B377976C6EE06D /* NativeDocumentKit.swift in Sources */ = {isa = PBXBuildFile; fileRef = BCCE257DEE2FB77FA5A7566B /* NativeDocumentKit.swift */; };
		BD5A2AC8E0066130A7CE5910 /* Theme.swift in Sources */ = {isa = PBXBuildFile; fileRef = BE462E30D6932C7473CC5257 /* Theme.swift */; };
		C9545B36E727A209F45AB2A4 /* FrankenPatentsApp.swift in Sources */ = {isa = PBXBuildFile; fileRef = 42E807B5470E4F6879C9BCAE /* FrankenPatentsApp.swift */; };
		DA901178A31C549D4B3A052C /* PatentLibrary.swift in Sources */ = {isa = PBXBuildFile; fileRef = 0A6B4C11EF40A0363E909EE9 /* PatentLibrary.swift */; };
		E4C4C51D5BBB9248EB039283 /* NativeMathView.swift in Sources */ = {isa = PBXBuildFile; fileRef = 208821AD1F723D6B2BA123DC /* NativeMathView.swift */; };
		F568D981D52B76AB39BBEB8D /* PatentVisualizationView.swift in Sources */ = {isa = PBXBuildFile; fileRef = F8B4A0EFE3EBA3FB0122D944 /* PatentVisualizationView.swift */; };
		F9F281DD5160D664359F4182 /* IOSProfileRunner.swift in Sources */ = {isa = PBXBuildFile; fileRef = F9EBC608751CC3AA65E9EB69 /* IOSProfileRunner.swift */; };
		FF3DE302FFF1BF4879571A25 /* PatentWorkstationView.swift in Sources */ = {isa = PBXBuildFile; fileRef = 6DD8F5C45785092239E500FA /* PatentWorkstationView.swift */; };
/* End PBXBuildFile section */

/* Begin PBXFileReference section */
		0834EF9153F4B30E02704C55 /* FrankenPatents.app */ = {isa = PBXFileReference; includeInIndex = 0; lastKnownFileType = wrapper.application; path = FrankenPatents.app; sourceTree = BUILT_PRODUCTS_DIR; };
		0A6B4C11EF40A0363E909EE9 /* PatentLibrary.swift */ = {isa = PBXFileReference; lastKnownFileType = sourcecode.swift; path = PatentLibrary.swift; sourceTree = "<group>"; };
		208821AD1F723D6B2BA123DC /* NativeMathView.swift */ = {isa = PBXFileReference; lastKnownFileType = sourcecode.swift; path = NativeMathView.swift; sourceTree = "<group>"; };
		31E3789492674087EEAAE801 /* PatentPDFReader.swift */ = {isa = PBXFileReference; lastKnownFileType = sourcecode.swift; path = PatentPDFReader.swift; sourceTree = "<group>"; };
		36BF4079470701C6D357CC80 /* Info.plist */ = {isa = PBXFileReference; lastKnownFileType = text.plist; path = Info.plist; sourceTree = "<group>"; };
		42E807B5470E4F6879C9BCAE /* FrankenPatentsApp.swift */ = {isa = PBXFileReference; lastKnownFileType = sourcecode.swift; path = FrankenPatentsApp.swift; sourceTree = "<group>"; };
		470E78F059E8FF16D5AF3206 /* Assets.xcassets */ = {isa = PBXFileReference; lastKnownFileType = folder.assetcatalog; path = Assets.xcassets; sourceTree = "<group>"; };
		6205E15F45075AFE8EDAA1CA /* PatentRootView.swift */ = {isa = PBXFileReference; lastKnownFileType = sourcecode.swift; path = PatentRootView.swift; sourceTree = "<group>"; };
		652BFF6DEAD8C5CD76D13B0B /* PrivacyInfo.xcprivacy */ = {isa = PBXFileReference; path = PrivacyInfo.xcprivacy; sourceTree = "<group>"; };
		6DD8F5C45785092239E500FA /* PatentWorkstationView.swift */ = {isa = PBXFileReference; lastKnownFileType = sourcecode.swift; path = PatentWorkstationView.swift; sourceTree = "<group>"; };
		ACD672FA52AE0B0AA6B685CC /* patent-assets.json */ = {isa = PBXFileReference; lastKnownFileType = text.json; path = "patent-assets.json"; sourceTree = "<group>"; };
		BCCE257DEE2FB77FA5A7566B /* NativeDocumentKit.swift */ = {isa = PBXFileReference; lastKnownFileType = sourcecode.swift; path = NativeDocumentKit.swift; sourceTree = "<group>"; };
		BE462E30D6932C7473CC5257 /* Theme.swift */ = {isa = PBXFileReference; lastKnownFileType = sourcecode.swift; path = Theme.swift; sourceTree = "<group>"; };
		C561AFAB0032EB2B23CEA356 /* PatentModels.swift */ = {isa = PBXFileReference; lastKnownFileType = sourcecode.swift; path = PatentModels.swift; sourceTree = "<group>"; };
		F5483F5E9EA79B64FDBB110F /* patents.json */ = {isa = PBXFileReference; lastKnownFileType = text.json; path = patents.json; sourceTree = "<group>"; };
		F8B4A0EFE3EBA3FB0122D944 /* PatentVisualizationView.swift */ = {isa = PBXFileReference; lastKnownFileType = sourcecode.swift; path = PatentVisualizationView.swift; sourceTree = "<group>"; };
		F8D62ECED5F2FD890A1EE260 /* PatentMuseumView.swift */ = {isa = PBXFileReference; lastKnownFileType = sourcecode.swift; path = PatentMuseumView.swift; sourceTree = "<group>"; };
		F9EBC608751CC3AA65E9EB69 /* IOSProfileRunner.swift */ = {isa = PBXFileReference; lastKnownFileType = sourcecode.swift; path = IOSProfileRunner.swift; sourceTree = "<group>"; };
		FA5DAC0D39800C8FB4C68C91 /* PatentFigureAtlasView.swift */ = {isa = PBXFileReference; lastKnownFileType = sourcecode.swift; path = PatentFigureAtlasView.swift; sourceTree = "<group>"; };
/* End PBXFileReference section */

/* Begin PBXGroup section */
		0F1894E6DA81267DA0B5550A = {
			isa = PBXGroup;
			children = (
				470E78F059E8FF16D5AF3206 /* Assets.xcassets */,
				BCDBD3BB94994C64221457A3 /* Resources */,
				9A7AF7545199E099CC6A9B8D /* Sources */,
				2774EF9D0D8EE33E01D9BA14 /* Products */,
			);
			sourceTree = "<group>";
		};
		2774EF9D0D8EE33E01D9BA14 /* Products */ = {
			isa = PBXGroup;
			children = (
				0834EF9153F4B30E02704C55 /* FrankenPatents.app */,
			);
			name = Products;
			sourceTree = "<group>";
		};
		9A7AF7545199E099CC6A9B8D /* Sources */ = {
			isa = PBXGroup;
			children = (
				42E807B5470E4F6879C9BCAE /* FrankenPatentsApp.swift */,
				36BF4079470701C6D357CC80 /* Info.plist */,
				F9EBC608751CC3AA65E9EB69 /* IOSProfileRunner.swift */,
				BCCE257DEE2FB77FA5A7566B /* NativeDocumentKit.swift */,
				208821AD1F723D6B2BA123DC /* NativeMathView.swift */,
				FA5DAC0D39800C8FB4C68C91 /* PatentFigureAtlasView.swift */,
				0A6B4C11EF40A0363E909EE9 /* PatentLibrary.swift */,
				C561AFAB0032EB2B23CEA356 /* PatentModels.swift */,
				F8D62ECED5F2FD890A1EE260 /* PatentMuseumView.swift */,
				31E3789492674087EEAAE801 /* PatentPDFReader.swift */,
				6205E15F45075AFE8EDAA1CA /* PatentRootView.swift */,
				F8B4A0EFE3EBA3FB0122D944 /* PatentVisualizationView.swift */,
				6DD8F5C45785092239E500FA /* PatentWorkstationView.swift */,
				652BFF6DEAD8C5CD76D13B0B /* PrivacyInfo.xcprivacy */,
				BE462E30D6932C7473CC5257 /* Theme.swift */,
			);
			path = Sources;
			sourceTree = "<group>";
		};
		BCDBD3BB94994C64221457A3 /* Resources */ = {
			isa = PBXGroup;
			children = (
				ACD672FA52AE0B0AA6B685CC /* patent-assets.json */,
				F5483F5E9EA79B64FDBB110F /* patents.json */,
			);
			path = Resources;
			sourceTree = "<group>";
		};
/* End PBXGroup section */

/* Begin PBXNativeTarget section */
		6830C513C55C4B5D2BD388B3 /* FrankenPatents */ = {
			isa = PBXNativeTarget;
			buildConfigurationList = DEC274C4CE7676461AD748D2 /* Build configuration list for PBXNativeTarget "FrankenPatents" */;
			buildPhases = (
				BD7DF1C78121471770310766 /* Sources */,
				EA26C413ADF2F6100330D239 /* Resources */,
				2EB8A28047DCB41A74866050 /* Bundle native patent archive assets */,
			);
			buildRules = (
			);
			dependencies = (
			);
			name = FrankenPatents;
			packageProductDependencies = (
			);
			productName = FrankenPatents;
			productReference = 0834EF9153F4B30E02704C55 /* FrankenPatents.app */;
			productType = "com.apple.product-type.application";
		};
/* End PBXNativeTarget section */

/* Begin PBXProject section */
		05CE45275036951626C5623C /* Project object */ = {
			isa = PBXProject;
			attributes = {
				BuildIndependentTargetsInParallel = YES;
				LastUpgradeCheck = 1430;
				TargetAttributes = {
					6830C513C55C4B5D2BD388B3 = {
						DevelopmentTeam = AU8V2Z6NKY;
						ProvisioningStyle = Automatic;
					};
				};
			};
			buildConfigurationList = F61EFAA74EEFD1A7205BA976 /* Build configuration list for PBXProject "FrankenPatents" */;
			developmentRegion = en;
			hasScannedForEncodings = 0;
			knownRegions = (
				Base,
				en,
			);
			mainGroup = 0F1894E6DA81267DA0B5550A;
			minimizedProjectReferenceProxies = 1;
			preferredProjectObjectVersion = 77;
			productRefGroup = 2774EF9D0D8EE33E01D9BA14 /* Products */;
			projectDirPath = "";
			projectRoot = "";
			targets = (
				6830C513C55C4B5D2BD388B3 /* FrankenPatents */,
			);
		};
/* End PBXProject section */

/* Begin PBXResourcesBuildPhase section */
		EA26C413ADF2F6100330D239 /* Resources */ = {
			isa = PBXResourcesBuildPhase;
			buildActionMask = 2147483647;
			files = (
				A140C51F8E282581F3C45D47 /* Assets.xcassets in Resources */,
				8117AB03CF8835A20E831DF0 /* PrivacyInfo.xcprivacy in Resources */,
				521EC702AC351CFD30117147 /* patent-assets.json in Resources */,
				62CAF0BCF05D1C50D77EFCC9 /* patents.json in Resources */,
			);
			runOnlyForDeploymentPostprocessing = 0;
		};
/* End PBXResourcesBuildPhase section */

/* Begin PBXShellScriptBuildPhase section */
		2EB8A28047DCB41A74866050 /* Bundle native patent archive assets */ = {
			isa = PBXShellScriptBuildPhase;
			alwaysOutOfDate = 1;
			buildActionMask = 2147483647;
			files = (
			);
			inputFileListPaths = (
			);
			inputPaths = (
				"$(SRCROOT)/../public/patents",
			);
			name = "Bundle native patent archive assets";
			outputFileListPaths = (
			);
			outputPaths = (
			);
			runOnlyForDeploymentPostprocessing = 0;
			shellPath = /bin/sh;
			shellScript = "set -euo pipefail\nSOURCE_ARCHIVE=\"${SRCROOT}/../public/patents/\"\nBUNDLE_ARCHIVE=\"${BUILT_PRODUCTS_DIR}/${UNLOCALIZED_RESOURCES_FOLDER_PATH}/patents/\"\nmkdir -p \"${BUNDLE_ARCHIVE}\"\nrsync -a --exclude='*.pdf' \"${SOURCE_ARCHIVE}\" \"${BUNDLE_ARCHIVE}\"\n";
		};
/* End PBXShellScriptBuildPhase section */

/* Begin PBXSourcesBuildPhase section */
		BD7DF1C78121471770310766 /* Sources */ = {
			isa = PBXSourcesBuildPhase;
			buildActionMask = 2147483647;
			files = (
				C9545B36E727A209F45AB2A4 /* FrankenPatentsApp.swift in Sources */,
				F9F281DD5160D664359F4182 /* IOSProfileRunner.swift in Sources */,
				ABF5A49283B377976C6EE06D /* NativeDocumentKit.swift in Sources */,
				E4C4C51D5BBB9248EB039283 /* NativeMathView.swift in Sources */,
				515172E318CD8B31F98EBDD7 /* PatentFigureAtlasView.swift in Sources */,
				DA901178A31C549D4B3A052C /* PatentLibrary.swift in Sources */,
				A89EDBDCAFD41CFAE21F1997 /* PatentModels.swift in Sources */,
				2B07D0F41C8210664DE170CD /* PatentMuseumView.swift in Sources */,
				446A4955BE520AC068B4DFE5 /* PatentPDFReader.swift in Sources */,
				2F5D52B312C7D98639C45424 /* PatentRootView.swift in Sources */,
				F568D981D52B76AB39BBEB8D /* PatentVisualizationView.swift in Sources */,
				FF3DE302FFF1BF4879571A25 /* PatentWorkstationView.swift in Sources */,
				BD5A2AC8E0066130A7CE5910 /* Theme.swift in Sources */,
			);
			runOnlyForDeploymentPostprocessing = 0;
		};
/* End PBXSourcesBuildPhase section */

/* Begin XCBuildConfiguration section */
		21033DA507DE217667B19C3A /* Release */ = {
			isa = XCBuildConfiguration;
			buildSettings = {
				ASSETCATALOG_COMPILER_APPICON_NAME = AppIcon;
				CODE_SIGN_ENTITLEMENTS = FrankenPatents.entitlements;
				CODE_SIGN_IDENTITY = "iPhone Developer";
				DERIVE_MACCATALYST_PRODUCT_BUNDLE_IDENTIFIER = NO;
				INFOPLIST_FILE = Sources/Info.plist;
				LD_RUNPATH_SEARCH_PATHS = (
					"$(inherited)",
					"@executable_path/Frameworks",
				);
				MACCATALYST_USE_NATIVE_DESIGN = YES;
				PRODUCT_BUNDLE_IDENTIFIER = com.frankenpatents.FrankenPatents;
				SDKROOT = iphoneos;
				SUPPORTS_MACCATALYST = YES;
				SUPPORTS_MAC_DESIGNED_FOR_IPHONE_IPAD = NO;
				TARGETED_DEVICE_FAMILY = "1,2";
			};
			name = Release;
		};
		6D57685E92280B80386EB3BD /* Debug */ = {
			isa = XCBuildConfiguration;
			buildSettings = {
				ASSETCATALOG_COMPILER_APPICON_NAME = AppIcon;
				CODE_SIGN_ENTITLEMENTS = FrankenPatents.entitlements;
				CODE_SIGN_IDENTITY = "iPhone Developer";
				DERIVE_MACCATALYST_PRODUCT_BUNDLE_IDENTIFIER = NO;
				INFOPLIST_FILE = Sources/Info.plist;
				LD_RUNPATH_SEARCH_PATHS = (
					"$(inherited)",
					"@executable_path/Frameworks",
				);
				MACCATALYST_USE_NATIVE_DESIGN = YES;
				PRODUCT_BUNDLE_IDENTIFIER = com.frankenpatents.FrankenPatents;
				SDKROOT = iphoneos;
				SUPPORTS_MACCATALYST = YES;
				SUPPORTS_MAC_DESIGNED_FOR_IPHONE_IPAD = NO;
				TARGETED_DEVICE_FAMILY = "1,2";
			};
			name = Debug;
		};
		D610A18B7DF20E6831CA46B6 /* Release */ = {
			isa = XCBuildConfiguration;
			buildSettings = {
				ALWAYS_SEARCH_USER_PATHS = NO;
				ASSETCATALOG_COMPILER_APPICON_NAME = AppIcon;
				CLANG_ANALYZER_NONNULL = YES;
				CLANG_ANALYZER_NUMBER_OBJECT_CONVERSION = YES_AGGRESSIVE;
				CLANG_CXX_LANGUAGE_STANDARD = "gnu++14";
				CLANG_CXX_LIBRARY = "libc++";
				CLANG_ENABLE_MODULES = YES;
				CLANG_ENABLE_OBJC_ARC = YES;
				CLANG_ENABLE_OBJC_WEAK = YES;
				CLANG_WARN_BLOCK_CAPTURE_AUTORELEASING = YES;
				CLANG_WARN_BOOL_CONVERSION = YES;
				CLANG_WARN_COMMA = YES;
				CLANG_WARN_CONSTANT_CONVERSION = YES;
				CLANG_WARN_DEPRECATED_OBJC_IMPLEMENTATIONS = YES;
				CLANG_WARN_DIRECT_OBJC_ISA_USAGE = YES_ERROR;
				CLANG_WARN_DOCUMENTATION_COMMENTS = YES;
				CLANG_WARN_EMPTY_BODY = YES;
				CLANG_WARN_ENUM_CONVERSION = YES;
				CLANG_WARN_INFINITE_RECURSION = YES;
				CLANG_WARN_INT_CONVERSION = YES;
				CLANG_WARN_NON_LITERAL_NULL_CONVERSION = YES;
				CLANG_WARN_OBJC_IMPLICIT_RETAIN_SELF = YES;
				CLANG_WARN_OBJC_LITERAL_CONVERSION = YES;
				CLANG_WARN_OBJC_ROOT_CLASS = YES_ERROR;
				CLANG_WARN_QUOTED_INCLUDE_IN_FRAMEWORK_HEADER = YES;
				CLANG_WARN_RANGE_LOOP_ANALYSIS = YES;
				CLANG_WARN_STRICT_PROTOTYPES = YES;
				CLANG_WARN_SUSPICIOUS_MOVE = YES;
				CLANG_WARN_UNGUARDED_AVAILABILITY = YES_AGGRESSIVE;
				CLANG_WARN_UNREACHABLE_CODE = YES;
				CLANG_WARN__DUPLICATE_METHOD_MATCH = YES;
				CODE_SIGN_STYLE = Automatic;
				COPY_PHASE_STRIP = NO;
				CURRENT_PROJECT_VERSION = 1;
				DEBUG_INFORMATION_FORMAT = "dwarf-with-dsym";
				DEVELOPMENT_TEAM = AU8V2Z6NKY;
				ENABLE_NS_ASSERTIONS = NO;
				ENABLE_STRICT_OBJC_MSGSEND = YES;
				"EXCLUDED_ARCHS[sdk=iphonesimulator*]" = x86_64;
				GCC_C_LANGUAGE_STANDARD = gnu11;
				GCC_NO_COMMON_BLOCKS = YES;
				GCC_WARN_64_TO_32_BIT_CONVERSION = YES;
				GCC_WARN_ABOUT_RETURN_TYPE = YES_ERROR;
				GCC_WARN_UNDECLARED_SELECTOR = YES;
				GCC_WARN_UNINITIALIZED_AUTOS = YES_AGGRESSIVE;
				GCC_WARN_UNUSED_FUNCTION = YES;
				GCC_WARN_UNUSED_VARIABLE = YES;
				IPHONEOS_DEPLOYMENT_TARGET = 17.0;
				MARKETING_VERSION = 1.0;
				MTL_ENABLE_DEBUG_INFO = NO;
				MTL_FAST_MATH = YES;
				PRODUCT_NAME = "$(TARGET_NAME)";
				SDKROOT = iphoneos;
				SWIFT_COMPILATION_MODE = wholemodule;
				SWIFT_OPTIMIZATION_LEVEL = "-O";
				SWIFT_VERSION = 5.10;
			};
			name = Release;
		};
		EE1EC040CC76B8C8179569E2 /* Debug */ = {
			isa = XCBuildConfiguration;
			buildSettings = {
				ALWAYS_SEARCH_USER_PATHS = NO;
				ASSETCATALOG_COMPILER_APPICON_NAME = AppIcon;
				CLANG_ANALYZER_NONNULL = YES;
				CLANG_ANALYZER_NUMBER_OBJECT_CONVERSION = YES_AGGRESSIVE;
				CLANG_CXX_LANGUAGE_STANDARD = "gnu++14";
				CLANG_CXX_LIBRARY = "libc++";
				CLANG_ENABLE_MODULES = YES;
				CLANG_ENABLE_OBJC_ARC = YES;
				CLANG_ENABLE_OBJC_WEAK = YES;
				CLANG_WARN_BLOCK_CAPTURE_AUTORELEASING = YES;
				CLANG_WARN_BOOL_CONVERSION = YES;
				CLANG_WARN_COMMA = YES;
				CLANG_WARN_CONSTANT_CONVERSION = YES;
				CLANG_WARN_DEPRECATED_OBJC_IMPLEMENTATIONS = YES;
				CLANG_WARN_DIRECT_OBJC_ISA_USAGE = YES_ERROR;
				CLANG_WARN_DOCUMENTATION_COMMENTS = YES;
				CLANG_WARN_EMPTY_BODY = YES;
				CLANG_WARN_ENUM_CONVERSION = YES;
				CLANG_WARN_INFINITE_RECURSION = YES;
				CLANG_WARN_INT_CONVERSION = YES;
				CLANG_WARN_NON_LITERAL_NULL_CONVERSION = YES;
				CLANG_WARN_OBJC_IMPLICIT_RETAIN_SELF = YES;
				CLANG_WARN_OBJC_LITERAL_CONVERSION = YES;
				CLANG_WARN_OBJC_ROOT_CLASS = YES_ERROR;
				CLANG_WARN_QUOTED_INCLUDE_IN_FRAMEWORK_HEADER = YES;
				CLANG_WARN_RANGE_LOOP_ANALYSIS = YES;
				CLANG_WARN_STRICT_PROTOTYPES = YES;
				CLANG_WARN_SUSPICIOUS_MOVE = YES;
				CLANG_WARN_UNGUARDED_AVAILABILITY = YES_AGGRESSIVE;
				CLANG_WARN_UNREACHABLE_CODE = YES;
				CLANG_WARN__DUPLICATE_METHOD_MATCH = YES;
				CODE_SIGN_STYLE = Automatic;
				COPY_PHASE_STRIP = NO;
				CURRENT_PROJECT_VERSION = 1;
				DEBUG_INFORMATION_FORMAT = dwarf;
				DEVELOPMENT_TEAM = AU8V2Z6NKY;
				ENABLE_STRICT_OBJC_MSGSEND = YES;
				ENABLE_TESTABILITY = YES;
				"EXCLUDED_ARCHS[sdk=iphonesimulator*]" = x86_64;
				GCC_C_LANGUAGE_STANDARD = gnu11;
				GCC_DYNAMIC_NO_PIC = NO;
				GCC_NO_COMMON_BLOCKS = YES;
				GCC_OPTIMIZATION_LEVEL = 0;
				GCC_PREPROCESSOR_DEFINITIONS = (
					"$(inherited)",
					"DEBUG=1",
				);
				GCC_WARN_64_TO_32_BIT_CONVERSION = YES;
				GCC_WARN_ABOUT_RETURN_TYPE = YES_ERROR;
				GCC_WARN_UNDECLARED_SELECTOR = YES;
				GCC_WARN_UNINITIALIZED_AUTOS = YES_AGGRESSIVE;
				GCC_WARN_UNUSED_FUNCTION = YES;
				GCC_WARN_UNUSED_VARIABLE = YES;
				IPHONEOS_DEPLOYMENT_TARGET = 17.0;
				MARKETING_VERSION = 1.0;
				MTL_ENABLE_DEBUG_INFO = INCLUDE_SOURCE;
				MTL_FAST_MATH = YES;
				ONLY_ACTIVE_ARCH = YES;
				PRODUCT_NAME = "$(TARGET_NAME)";
				SDKROOT = iphoneos;
				SWIFT_ACTIVE_COMPILATION_CONDITIONS = DEBUG;
				SWIFT_OPTIMIZATION_LEVEL = "-Onone";
				SWIFT_VERSION = 5.10;
			};
			name = Debug;
		};
/* End XCBuildConfiguration section */

/* Begin XCConfigurationList section */
		DEC274C4CE7676461AD748D2 /* Build configuration list for PBXNativeTarget "FrankenPatents" */ = {
			isa = XCConfigurationList;
			buildConfigurations = (
				6D57685E92280B80386EB3BD /* Debug */,
				21033DA507DE217667B19C3A /* Release */,
			);
			defaultConfigurationIsVisible = 0;
			defaultConfigurationName = Debug;
		};
		F61EFAA74EEFD1A7205BA976 /* Build configuration list for PBXProject "FrankenPatents" */ = {
			isa = XCConfigurationList;
			buildConfigurations = (
				EE1EC040CC76B8C8179569E2 /* Debug */,
				D610A18B7DF20E6831CA46B6 /* Release */,
			);
			defaultConfigurationIsVisible = 0;
			defaultConfigurationName = Debug;
		};
/* End XCConfigurationList section */
	};
	rootObject = 05CE45275036951626C5623C /* Project object */;
}
